
Microsoft Visual Studio Solution File, Format Version 12.00
# Visual Studio Version 16
VisualStudioVersion = 16.0.30413.136
MinimumVisualStudioVersion = 10.0.40219.1
Project("{FAE04EC0-301F-11D3-BF4B-00C04F79EFBC}") = "Lab1", "Lab1\Lab1.csproj", "{5B559B53-B9B0-45EA-8382-0447AFC1EF50}"
EndProject
Project("{FAE04EC0-301F-11D3-BF4B-00C04F79EFBC}") = "Lab2", "Lab2\Lab2.csproj", "{5584BA8B-793A-4C65-AA13-B22421454C12}"
EndProject
Project("{FAE04EC0-301F-11D3-BF4B-00C04F79EFBC}") = "Lab3", "Lab3\Lab3.csproj", "{A92BFAC4-6986-4D01-967C-B2418DC45E61}"
EndProject
Global
	GlobalSection(SolutionConfigurationPlatforms) = preSolution
		Debug|Any CPU = Debug|Any CPU
		Release|Any CPU = Release|Any CPU
	EndGlobalSection
	GlobalSection(ProjectConfigurationPlatforms) = postSolution
		{5B559B53-B9B0-45EA-8382-0447AFC1EF50}.Debug|Any CPU.ActiveCfg = Debug|Any CPU
		{5B559B53-B9B0-45EA-8382-0447AFC1EF50}.Debug|Any CPU.Build.0 = Debug|Any CPU
		{5B559B53-B9B0-45EA-8382-0447AFC1EF50}.Release|Any CPU.ActiveCfg = Release|Any CPU
		{5B559B53-B9B0-45EA-8382-0447AFC1EF50}.Release|Any CPU.Build.0 = Release|Any CPU
		{5584BA8B-793A-4C65-AA13-B22421454C12}.Debug|Any CPU.ActiveCfg = Debug|Any CPU
		{5584BA8B-793A-4C65-AA13-B22421454C12}.Debug|Any CPU.Build.0 = Debug|Any CPU
		{5584BA8B-793A-4C65-AA13-B22421454C12}.Release|Any CPU.ActiveCfg = Release|Any CPU
		{5584BA8B-793A-4C65-AA13-B22421454C12}.Release|Any CPU.Build.0 = Release|Any CPU
		{A92BFAC4-6986-4D01-967C-B2418DC45E61}.Debug|Any CPU.ActiveCfg = Debug|Any CPU
		{A92BFAC4-6986-4D01-967C-B2418DC45E61}.Debug|Any CPU.Build.0 = Debug|Any CPU
		{A92BFAC4-6986-4D01-967C-B2418DC45E61}.Release|Any CPU.ActiveCfg = Release|Any CPU
		{A92BFAC4-6986-4D01-967C-B2418DC45E61}.Release|Any CPU.Build.0 = Release|Any CPU
	EndGlobalSection
	GlobalSection(SolutionProperties) = preSolution
		HideSolutionNode = FALSE
	EndGlobalSection
	GlobalSection(ExtensibilityGlobals) = postSolution
		SolutionGuid = {48A8F539-D28C-4FCA-BA48-28AAA24C89DD}
	EndGlobalSection
EndGlobal
